gopkg.in/errgo.v1 v1.0.0-20161222125816-442357a80af5 h1:C61FEf19ZFrkIbSSCWRHvzrtgrcRh/kiH4HZ5VIIqe8=
gopkg.in/errgo.v1 v1.0.0-20161222125816-442357a80af5/go.mod h1:u0ALmqvLRxLI95fkdCEWrE6mhWYZW1aMOJHp5YXLHTg=
launchpad.net/gocheck v0.0.0-20140225173054-000000000087 h1:Izowp2XBH6Ya6rv+hqbceQyw/gSGoXfH/UPoTGduL54=
launchpad.net/gocheck v0.0.0-20140225173054-000000000087/go.mod h1:hj7XX3B/0A+80Vse0e+BUHsHMTEhd0O4cpUHr/e/BUM=
